
Microsoft Visual Studio Solution File, Format Version 12.00
# Visual Studio Version 16
VisualStudioVersion = 16.0.29926.136
MinimumVisualStudioVersion = 10.0.40219.1
Project("{9A19103F-16F7-4668-BE54-9A1E7A4F7556}") = "PruebasSQ", "PruebasSQ\PruebasSQ.csproj", "{3E3B7A9A-E9BC-4460-B25D-5A3212D7DA36}"
EndProject
Project("{9A19103F-16F7-4668-BE54-9A1E7A4F7556}") = "Example", "Example\Example.csproj", "{374585B9-B1A0-4B38-896C-6109DC505747}"
EndProject
Global
	GlobalSection(SolutionConfigurationPlatforms) = preSolution
		Debug|Any CPU = Debug|Any CPU
		Release|Any CPU = Release|Any CPU
	EndGlobalSection
	GlobalSection(ProjectConfigurationPlatforms) = postSolution
		{3E3B7A9A-E9BC-4460-B25D-5A3212D7DA36}.Debug|Any CPU.ActiveCfg = Debug|Any CPU
		{3E3B7A9A-E9BC-4460-B25D-5A3212D7DA36}.Debug|Any CPU.Build.0 = Debug|Any CPU
		{3E3B7A9A-E9BC-4460-B25D-5A3212D7DA36}.Release|Any CPU.ActiveCfg = Release|Any CPU
		{3E3B7A9A-E9BC-4460-B25D-5A3212D7DA36}.Release|Any CPU.Build.0 = Release|Any CPU
		{374585B9-B1A0-4B38-896C-6109DC505747}.Debug|Any CPU.ActiveCfg = Debug|Any CPU
		{374585B9-B1A0-4B38-896C-6109DC505747}.Debug|Any CPU.Build.0 = Debug|Any CPU
		{374585B9-B1A0-4B38-896C-6109DC505747}.Release|Any CPU.ActiveCfg = Release|Any CPU
		{374585B9-B1A0-4B38-896C-6109DC505747}.Release|Any CPU.Build.0 = Release|Any CPU
	EndGlobalSection
	GlobalSection(SolutionProperties) = preSolution
		HideSolutionNode = FALSE
	EndGlobalSection
	GlobalSection(ExtensibilityGlobals) = postSolution
		SolutionGuid = {A3371585-4F28-4E54-8C2D-F6ED52EB5C39}
	EndGlobalSection
EndGlobal
